// !$*UTF8*$!
{
	archiveVersion = 1;
	classes = {
	};
	objectVersion = 56;
	objects = {

/* Begin PBXBuildFile section */
		3A8A7F8929A07F87001D0564 /* AppDelegate.swift in Sources */ = {isa = PBXBuildFile; fileRef = 3A8A7F8829A07F87001D0564 /* AppDelegate.swift */; };
		3A8A7F8B29A07F87001D0564 /* SceneDelegate.swift in Sources */ = {isa = PBXBuildFile; fileRef = 3A8A7F8A29A07F87001D0564 /* SceneDelegate.swift */; };
		3A8A7F9029A07F87001D0564 /* Main.storyboard in Resources */ = {isa = PBXBuildFile; fileRef = 3A8A7F8E29A07F87001D0564 /* Main.storyboard */; };
		3A8A7F9329A07F87001D0564 /* PapePlane_War.xcdatamodeld in Sources */ = {isa = PBXBuildFile; fileRef = 3A8A7F9129A07F87001D0564 /* PapePlane_War.xcdatamodeld */; };
		3A8A7F9529A07F89001D0564 /* Assets.xcassets in Resources */ = {isa = PBXBuildFile; fileRef = 3A8A7F9429A07F89001D0564 /* Assets.xcassets */; };
		3A8A7F9829A07F89001D0564 /* LaunchScreen.storyboard in Resources */ = {isa = PBXBuildFile; fileRef = 3A8A7F9629A07F89001D0564 /* LaunchScreen.storyboard */; };
		3A8A7FA329A07F89001D0564 /* PapePlane_WarTests.swift in Sources */ = {isa = PBXBuildFile; fileRef = 3A8A7FA229A07F89001D0564 /* PapePlane_WarTests.swift */; };
		3A8A7FAD29A07F89001D0564 /* PapePlane_WarUITests.swift in Sources */ = {isa = PBXBuildFile; fileRef = 3A8A7FAC29A07F89001D0564 /* PapePlane_WarUITests.swift */; };
		3A8A7FAF29A07F89001D0564 /* PapePlane_WarUITestsLaunchTests.swift in Sources */ = {isa = PBXBuildFile; fileRef = 3A8A7FAE29A07F89001D0564 /* PapePlane_WarUITestsLaunchTests.swift */; };
		3A8A7FC229A07FC7001D0564 /* ViewController.swift in Sources */ = {isa = PBXBuildFile; fileRef = 3A8A7FC129A07FC6001D0564 /* ViewController.swift */; };
		3A8A7FC629A07FF3001D0564 /* Bullet.swift in Sources */ = {isa = PBXBuildFile; fileRef = 3A8A7FC329A07FF3001D0564 /* Bullet.swift */; };
		3A8A7FC729A07FF3001D0564 /* Plane.swift in Sources */ = {isa = PBXBuildFile; fileRef = 3A8A7FC429A07FF3001D0564 /* Plane.swift */; };
		3A8A7FC829A07FF3001D0564 /* HealthBar.swift in Sources */ = {isa = PBXBuildFile; fileRef = 3A8A7FC529A07FF3001D0564 /* HealthBar.swift */; };
		3A8A7FD029A080C3001D0564 /* Background.swift in Sources */ = {isa = PBXBuildFile; fileRef = 3A8A7FCF29A080C3001D0564 /* Background.swift */; };
/* End PBXBuildFile section */

/* Begin PBXContainerItemProxy section */
		3A8A7F9F29A07F89001D0564 /* PBXContainerItemProxy */ = {
			isa = PBXContainerItemProxy;
			containerPortal = 3A8A7F7D29A07F87001D0564 /* Project object */;
			proxyType = 1;
			remoteGlobalIDString = 3A8A7F8429A07F87001D0564;
			remoteInfo = "PapePlane-War";
		};
		3A8A7FA929A07F89001D0564 /* PBXContainerItemProxy */ = {
			isa = PBXContainerItemProxy;
			containerPortal = 3A8A7F7D29A07F87001D0564 /* Project object */;
			proxyType = 1;
			remoteGlobalIDString = 3A8A7F8429A07F87001D0564;
			remoteInfo = "PapePlane-War";
		};
/* End PBXContainerItemProxy section */

/* Begin PBXFileReference section */
		3A8A7F8529A07F87001D0564 /* PapePlane-War.app */ = {isa = PBXFileReference; explicitFileType = wrapper.application; includeInIndex = 0; path = "PapePlane-War.app"; sourceTree = BUILT_PRODUCTS_DIR; };
		3A8A7F8829A07F87001D0564 /* AppDelegate.swift */ = {isa = PBXFileReference; lastKnownFileType = sourcecode.swift; path = AppDelegate.swift; sourceTree = "<group>"; };
		3A8A7F8A29A07F87001D0564 /* SceneDelegate.swift */ = {isa = PBXFileReference; lastKnownFileType = sourcecode.swift; path = SceneDelegate.swift; sourceTree = "<group>"; };
		3A8A7F8F29A07F87001D0564 /* Base */ = {isa = PBXFileReference; lastKnownFileType = file.storyboard; name = Base; path = Base.lproj/Main.storyboard; sourceTree = "<group>"; };
		3A8A7F9229A07F87001D0564 /* PapePlane_War.xcdatamodel */ = {isa = PBXFileReference; lastKnownFileType = wrapper.xcdatamodel; path = PapePlane_War.xcdatamodel; sourceTree = "<group>"; };
		3A8A7F9429A07F89001D0564 /* Assets.xcassets */ = {isa = PBXFileReference; lastKnownFileType = folder.assetcatalog; path = Assets.xcassets; sourceTree = "<group>"; };
		3A8A7F9729A07F89001D0564 /* Base */ = {isa = PBXFileReference; lastKnownFileType = file.storyboard; name = Base; path = Base.lproj/LaunchScreen.storyboard; sourceTree = "<group>"; };
		3A8A7F9929A07F89001D0564 /* Info.plist */ = {isa = PBXFileReference; lastKnownFileType = text.plist.xml; path = Info.plist; sourceTree = "<group>"; };
		3A8A7F9E29A07F89001D0564 /* PapePlane-WarTests.xctest */ = {isa = PBXFileReference; explicitFileType = wrapper.cfbundle; includeInIndex = 0; path = "PapePlane-WarTests.xctest"; sourceTree = BUILT_PRODUCTS_DIR; };
		3A8A7FA229A07F89001D0564 /* PapePlane_WarTests.swift */ = {isa = PBXFileReference; lastKnownFileType = sourcecode.swift; path = PapePlane_WarTests.swift; sourceTree = "<group>"; };
		3A8A7FA829A07F89001D0564 /* PapePlane-WarUITests.xctest */ = {isa = PBXFileReference; explicitFileType = wrapper.cfbundle; includeInIndex = 0; path = "PapePlane-WarUITests.xctest"; sourceTree = BUILT_PRODUCTS_DIR; };
		3A8A7FAC29A07F89001D0564 /* PapePlane_WarUITests.swift */ = {isa = PBXFileReference; lastKnownFileType = sourcecode.swift; path = PapePlane_WarUITests.swift; sourceTree = "<group>"; };
		3A8A7FAE29A07F89001D0564 /* PapePlane_WarUITestsLaunchTests.swift */ = {isa = PBXFileReference; lastKnownFileType = sourcecode.swift; path = PapePlane_WarUITestsLaunchTests.swift; sourceTree = "<group>"; };
		3A8A7FC129A07FC6001D0564 /* ViewController.swift */ = {isa = PBXFileReference; fileEncoding = 4; lastKnownFileType = sourcecode.swift; path = ViewController.swift; sourceTree = "<group>"; };
		3A8A7FC329A07FF3001D0564 /* Bullet.swift */ = {isa = PBXFileReference; fileEncoding = 4; lastKnownFileType = sourcecode.swift; path = Bullet.swift; sourceTree = "<group>"; };
		3A8A7FC429A07FF3001D0564 /* Plane.swift */ = {isa = PBXFileReference; fileEncoding = 4; lastKnownFileType = sourcecode.swift; path = Plane.swift; sourceTree = "<group>"; };
		3A8A7FC529A07FF3001D0564 /* HealthBar.swift */ = {isa = PBXFileReference; fileEncoding = 4; lastKnownFileType = sourcecode.swift; path = HealthBar.swift; sourceTree = "<group>"; };
		3A8A7FCF29A080C3001D0564 /* Background.swift */ = {isa = PBXFileReference; fileEncoding = 4; lastKnownFileType = sourcecode.swift; path = Background.swift; sourceTree = "<group>"; };
/* End PBXFileReference section */

/* Begin PBXFrameworksBuildPhase section */
		3A8A7F8229A07F87001D0564 /* Frameworks */ = {
			isa = PBXFrameworksBuildPhase;
			buildActionMask = 2147483647;
			files = (
			);
			runOnlyForDeploymentPostprocessing = 0;
		};
		3A8A7F9B29A07F89001D0564 /* Frameworks */ = {
			isa = PBXFrameworksBuildPhase;
			buildActionMask = 2147483647;
			files = (
			);
			runOnlyForDeploymentPostprocessing = 0;
		};
		3A8A7FA529A07F89001D0564 /* Frameworks */ = {
			isa = PBXFrameworksBuildPhase;
			buildActionMask = 2147483647;
			files = (
			);
			runOnlyForDeploymentPostprocessing = 0;
		};
/* End PBXFrameworksBuildPhase section */

/* Begin PBXGroup section */
		3A8A7F7C29A07F87001D0564 = {
			isa = PBXGroup;
			children = (
				3A8A7F8729A07F87001D0564 /* PapePlane-War */,
				3A8A7FA129A07F89001D0564 /* PapePlane-WarTests */,
				3A8A7FAB29A07F89001D0564 /* PapePlane-WarUITests */,
				3A8A7F8629A07F87001D0564 /* Products */,
			);
			sourceTree = "<group>";
		};
		3A8A7F8629A07F87001D0564 /* Products */ = {
			isa = PBXGroup;
			children = (
				3A8A7F8529A07F87001D0564 /* PapePlane-War.app */,
				3A8A7F9E29A07F89001D0564 /* PapePlane-WarTests.xctest */,
				3A8A7FA829A07F89001D0564 /* PapePlane-WarUITests.xctest */,
			);
			name = Products;
			sourceTree = "<group>";
		};
		3A8A7F8729A07F87001D0564 /* PapePlane-War */ = {
			isa = PBXGroup;
			children = (
				3A8A7FC329A07FF3001D0564 /* Bullet.swift */,
				3A8A7FC529A07FF3001D0564 /* HealthBar.swift */,
				3A8A7FC429A07FF3001D0564 /* Plane.swift */,
				3A8A7FC129A07FC6001D0564 /* ViewController.swift */,
				3A8A7F8829A07F87001D0564 /* AppDelegate.swift */,
				3A8A7F8A29A07F87001D0564 /* SceneDelegate.swift */,
				3A8A7FCF29A080C3001D0564 /* Background.swift */,
				3A8A7F8E29A07F87001D0564 /* Main.storyboard */,
				3A8A7F9429A07F89001D0564 /* Assets.xcassets */,
				3A8A7F9629A07F89001D0564 /* LaunchScreen.storyboard */,
				3A8A7F9929A07F89001D0564 /* Info.plist */,
				3A8A7F9129A07F87001D0564 /* PapePlane_War.xcdatamodeld */,
			);
			path = "PapePlane-War";
			sourceTree = "<group>";
		};
		3A8A7FA129A07F89001D0564 /* PapePlane-WarTests */ = {
			isa = PBXGroup;
			children = (
				3A8A7FA229A07F89001D0564 /* PapePlane_WarTests.swift */,
			);
			path = "PapePlane-WarTests";
			sourceTree = "<group>";
		};
		3A8A7FAB29A07F89001D0564 /* PapePlane-WarUITests */ = {
			isa = PBXGroup;
			children = (
				3A8A7FAC29A07F89001D0564 /* PapePlane_WarUITests.swift */,
				3A8A7FAE29A07F89001D0564 /* PapePlane_WarUITestsLaunchTests.swift */,
			);
			path = "PapePlane-WarUITests";
			sourceTree = "<group>";
		};
/* End PBXGroup section */

/* Begin PBXNativeTarget section */
		3A8A7F8429A07F87001D0564 /* PapePlane-War */ = {
			isa = PBXNativeTarget;
			buildConfigurationList = 3A8A7FB229A07F89001D0564 /* Build configuration list for PBXNativeTarget "PapePlane-War" */;
			buildPhases = (
				3A8A7F8129A07F87001D0564 /* Sources */,
				3A8A7F8229A07F87001D0564 /* Frameworks */,
				3A8A7F8329A07F87001D0564 /* Resources */,
			);
			buildRules = (
			);
			dependencies = (
			);
			name = "PapePlane-War";
			productName = "PapePlane-War";
			productReference = 3A8A7F8529A07F87001D0564 /* PapePlane-War.app */;
			productType = "com.apple.product-type.application";
		};
		3A8A7F9D29A07F89001D0564 /* PapePlane-WarTests */ = {
			isa = PBXNativeTarget;
			buildConfigurationList = 3A8A7FB529A07F89001D0564 /* Build configuration list for PBXNativeTarget "PapePlane-WarTests" */;
			buildPhases = (
				3A8A7F9A29A07F89001D0564 /* Sources */,
				3A8A7F9B29A07F89001D0564 /* Frameworks */,
				3A8A7F9C29A07F89001D0564 /* Resources */,
			);
			buildRules = (
			);
			dependencies = (
				3A8A7FA029A07F89001D0564 /* PBXTargetDependency */,
			);
			name = "PapePlane-WarTests";
			productName = "PapePlane-WarTests";
			productReference = 3A8A7F9E29A07F89001D0564 /* PapePlane-WarTests.xctest */;
			productType = "com.apple.product-type.bundle.unit-test";
		};
		3A8A7FA729A07F89001D0564 /* PapePlane-WarUITests */ = {
			isa = PBXNativeTarget;
			buildConfigurationList = 3A8A7FB829A07F89001D0564 /* Build configuration list for PBXNativeTarget "PapePlane-WarUITests" */;
			buildPhases = (
				3A8A7FA429A07F89001D0564 /* Sources */,
				3A8A7FA529A07F89001D0564 /* Frameworks */,
				3A8A7FA629A07F89001D0564 /* Resources */,
			);
			buildRules = (
			);
			dependencies = (
				3A8A7FAA29A07F89001D0564 /* PBXTargetDependency */,
			);
			name = "PapePlane-WarUITests";
			productName = "PapePlane-WarUITests";
			productReference = 3A8A7FA829A07F89001D0564 /* PapePlane-WarUITests.xctest */;
			productType = "com.apple.product-type.bundle.ui-testing";
		};
/* End PBXNativeTarget section */

/* Begin PBXProject section */
		3A8A7F7D29A07F87001D0564 /* Project object */ = {
			isa = PBXProject;
			attributes = {
				BuildIndependentTargetsInParallel = 1;
				LastSwiftUpdateCheck = 1420;
				LastUpgradeCheck = 1420;
				TargetAttributes = {
					3A8A7F8429A07F87001D0564 = {
						CreatedOnToolsVersion = 14.2;
					};
					3A8A7F9D29A07F89001D0564 = {
						CreatedOnToolsVersion = 14.2;
						TestTargetID = 3A8A7F8429A07F87001D0564;
					};
					3A8A7FA729A07F89001D0564 = {
						CreatedOnToolsVersion = 14.2;
						TestTargetID = 3A8A7F8429A07F87001D0564;
					};
				};
			};
			buildConfigurationList = 3A8A7F8029A07F87001D0564 /* Build configuration list for PBXProject "PapePlane-War" */;
			compatibilityVersion = "Xcode 14.0";
			developmentRegion = en;
			hasScannedForEncodings = 0;
			knownRegions = (
				en,
				Base,
			);
			mainGroup = 3A8A7F7C29A07F87001D0564;
			productRefGroup = 3A8A7F8629A07F87001D0564 /* Products */;
			projectDirPath = "";
			projectRoot = "";
			targets = (
				3A8A7F8429A07F87001D0564 /* PapePlane-War */,
				3A8A7F9D29A07F89001D0564 /* PapePlane-WarTests */,
				3A8A7FA729A07F89001D0564 /* PapePlane-WarUITests */,
			);
		};
/* End PBXProject section */

/* Begin PBXResourcesBuildPhase section */
		3A8A7F8329A07F87001D0564 /* Resources */ = {
			isa = PBXResourcesBuildPhase;
			buildActionMask = 2147483647;
			files = (
				3A8A7F9829A07F89001D0564 /* LaunchScreen.storyboard in Resources */,
				3A8A7F9529A07F89001D0564 /* Assets.xcassets in Resources */,
				3A8A7F9029A07F87001D0564 /* Main.storyboard in Resources */,
			);
			runOnlyForDeploymentPostprocessing = 0;
		};
		3A8A7F9C29A07F89001D0564 /* Resources */ = {
			isa = PBXResourcesBuildPhase;
			buildActionMask = 2147483647;
			files = (
			);
			runOnlyForDeploymentPostprocessing = 0;
		};
		3A8A7FA629A07F89001D0564 /* Resources */ = {
			isa = PBXResourcesBuildPhase;
			buildActionMask = 2147483647;
			files = (
			);
			runOnlyForDeploymentPostprocessing = 0;
		};
/* End PBXResourcesBuildPhase section */

/* Begin PBXSourcesBuildPhase section */
		3A8A7F8129A07F87001D0564 /* Sources */ = {
			isa = PBXSourcesBuildPhase;
			buildActionMask = 2147483647;
			files = (
				3A8A7FC829A07FF3001D0564 /* HealthBar.swift in Sources */,
				3A8A7F9329A07F87001D0564 /* PapePlane_War.xcdatamodeld in Sources */,
				3A8A7F8929A07F87001D0564 /* AppDelegate.swift in Sources */,
				3A8A7FD029A080C3001D0564 /* Background.swift in Sources */,
				3A8A7FC629A07FF3001D0564 /* Bullet.swift in Sources */,
				3A8A7FC229A07FC7001D0564 /* ViewController.swift in Sources */,
				3A8A7FC729A07FF3001D0564 /* Plane.swift in Sources */,
				3A8A7F8B29A07F87001D0564 /* SceneDelegate.swift in Sources */,
			);
			runOnlyForDeploymentPostprocessing = 0;
		};
		3A8A7F9A29A07F89001D0564 /* Sources */ = {
			isa = PBXSourcesBuildPhase;
			buildActionMask = 2147483647;
			files = (
				3A8A7FA329A07F89001D0564 /* PapePlane_WarTests.swift in Sources */,
			);
			runOnlyForDeploymentPostprocessing = 0;
		};
		3A8A7FA429A07F89001D0564 /* Sources */ = {
			isa = PBXSourcesBuildPhase;
			buildActionMask = 2147483647;
			files = (
				3A8A7FAF29A07F89001D0564 /* PapePlane_WarUITestsLaunchTests.swift in Sources */,
				3A8A7FAD29A07F89001D0564 /* PapePlane_WarUITests.swift in Sources */,
			);
			runOnlyForDeploymentPostprocessing = 0;
		};
/* End PBXSourcesBuildPhase section */

/* Begin PBXTargetDependency section */
		3A8A7FA029A07F89001D0564 /* PBXTargetDependency */ = {
			isa = PBXTargetDependency;
			target = 3A8A7F8429A07F87001D0564 /* PapePlane-War */;
			targetProxy = 3A8A7F9F29A07F89001D0564 /* PBXContainerItemProxy */;
		};
		3A8A7FAA29A07F89001D0564 /* PBXTargetDependency */ = {
			isa = PBXTargetDependency;
			target = 3A8A7F8429A07F87001D0564 /* PapePlane-War */;
			targetProxy = 3A8A7FA929A07F89001D0564 /* PBXContainerItemProxy */;
		};
/* End PBXTargetDependency section */

/* Begin PBXVariantGroup section */
		3A8A7F8E29A07F87001D0564 /* Main.storyboard */ = {
			isa = PBXVariantGroup;
			children = (
				3A8A7F8F29A07F87001D0564 /* Base */,
			);
			name = Main.storyboard;
			sourceTree = "<group>";
		};
		3A8A7F9629A07F89001D0564 /* LaunchScreen.storyboard */ = {
			isa = PBXVariantGroup;
			children = (
				3A8A7F9729A07F89001D0564 /* Base */,
			);
			name = LaunchScreen.storyboard;
			sourceTree = "<group>";
		};
/* End PBXVariantGroup section */

/* Begin XCBuildConfiguration section */
		3A8A7FB029A07F89001D0564 /* Debug */ = {
			isa = XCBuildConfiguration;
			buildSettings = {
				ALWAYS_SEARCH_USER_PATHS = NO;
				CLANG_ANALYZER_NONNULL = YES;
				CLANG_ANALYZER_NUMBER_OBJECT_CONVERSION = YES_AGGRESSIVE;
				CLANG_CXX_LANGUAGE_STANDARD = "gnu++20";
				CLANG_ENABLE_MODULES = YES;
				CLANG_ENABLE_OBJC_ARC = YES;
				CLANG_ENABLE_OBJC_WEAK = YES;
				CLANG_WARN_BLOCK_CAPTURE_AUTORELEASING = YES;
				CLANG_WARN_BOOL_CONVERSION = YES;
				CLANG_WARN_COMMA = YES;
				CLANG_WARN_CONSTANT_CONVERSION = YES;
				CLANG_WARN_DEPRECATED_OBJC_IMPLEMENTATIONS = YES;
				CLANG_WARN_DIRECT_OBJC_ISA_USAGE = YES_ERROR;
				CLANG_WARN_DOCUMENTATION_COMMENTS = YES;
				CLANG_WARN_EMPTY_BODY = YES;
				CLANG_WARN_ENUM_CONVERSION = YES;
				CLANG_WARN_INFINITE_RECURSION = YES;
				CLANG_WARN_INT_CONVERSION = YES;
				CLANG_WARN_NON_LITERAL_NULL_CONVERSION = YES;
				CLANG_WARN_OBJC_IMPLICIT_RETAIN_SELF = YES;
				CLANG_WARN_OBJC_LITERAL_CONVERSION = YES;
				CLANG_WARN_OBJC_ROOT_CLASS = YES_ERROR;
				CLANG_WARN_QUOTED_INCLUDE_IN_FRAMEWORK_HEADER = YES;
				CLANG_WARN_RANGE_LOOP_ANALYSIS = YES;
				CLANG_WARN_STRICT_PROTOTYPES = YES;
				CLANG_WARN_SUSPICIOUS_MOVE = YES;
				CLANG_WARN_UNGUARDED_AVAILABILITY = YES_AGGRESSIVE;
				CLANG_WARN_UNREACHABLE_CODE = YES;
				CLANG_WARN__DUPLICATE_METHOD_MATCH = YES;
				COPY_PHASE_STRIP = NO;
				DEBUG_INFORMATION_FORMAT = dwarf;
				ENABLE_STRICT_OBJC_MSGSEND = YES;
				ENABLE_TESTABILITY = YES;
				GCC_C_LANGUAGE_STANDARD = gnu11;
				GCC_DYNAMIC_NO_PIC = NO;
				GCC_NO_COMMON_BLOCKS = YES;
				GCC_OPTIMIZATION_LEVEL = 0;
				GCC_PREPROCESSOR_DEFINITIONS = (
					"DEBUG=1",
					"$(inherited)",
				);
				GCC_WARN_64_TO_32_BIT_CONVERSION = YES;
				GCC_WARN_ABOUT_RETURN_TYPE = YES_ERROR;
				GCC_WARN_UNDECLARED_SELECTOR = YES;
				GCC_WARN_UNINITIALIZED_AUTOS = YES_AGGRESSIVE;
				GCC_WARN_UNUSED_FUNCTION = YES;
				GCC_WARN_UNUSED_VARIABLE = YES;
				IPHONEOS_DEPLOYMENT_TARGET = 16.2;
				MTL_ENABLE_DEBUG_INFO = INCLUDE_SOURCE;
				MTL_FAST_MATH = YES;
				ONLY_ACTIVE_ARCH = YES;
				SDKROOT = iphoneos;
				SWIFT_ACTIVE_COMPILATION_CONDITIONS = DEBUG;
				SWIFT_OPTIMIZATION_LEVEL = "-Onone";
			};
			name = Debug;
		};
		3A8A7FB129A07F89001D0564 /* Release */ = {
			isa = XCBuildConfiguration;
			buildSettings = {
				ALWAYS_SEARCH_USER_PATHS = NO;
				CLANG_ANALYZER_NONNULL = YES;
				CLANG_ANALYZER_NUMBER_OBJECT_CONVERSION = YES_AGGRESSIVE;
				CLANG_CXX_LANGUAGE_STANDARD = "gnu++20";
				CLANG_ENABLE_MODULES = YES;
				CLANG_ENABLE_OBJC_ARC = YES;
				CLANG_ENABLE_OBJC_WEAK = YES;
				CLANG_WARN_BLOCK_CAPTURE_AUTORELEASING = YES;
				CLANG_WARN_BOOL_CONVERSION = YES;
				CLANG_WARN_COMMA = YES;
				CLANG_WARN_CONSTANT_CONVERSION = YES;
				CLANG_WARN_DEPRECATED_OBJC_IMPLEMENTATIONS = YES;
				CLANG_WARN_DIRECT_OBJC_ISA_USAGE = YES_ERROR;
				CLANG_WARN_DOCUMENTATION_COMMENTS = YES;
				CLANG_WARN_EMPTY_BODY = YES;
				CLANG_WARN_ENUM_CONVERSION = YES;
				CLANG_WARN_INFINITE_RECURSION = YES;
				CLANG_WARN_INT_CONVERSION = YES;
				CLANG_WARN_NON_LITERAL_NULL_CONVERSION = YES;
				CLANG_WARN_OBJC_IMPLICIT_RETAIN_SELF = YES;
				CLANG_WARN_OBJC_LITERAL_CONVERSION = YES;
				CLANG_WARN_OBJC_ROOT_CLASS = YES_ERROR;
				CLANG_WARN_QUOTED_INCLUDE_IN_FRAMEWORK_HEADER = YES;
				CLANG_WARN_RANGE_LOOP_ANALYSIS = YES;
				CLANG_WARN_STRICT_PROTOTYPES = YES;
				CLANG_WARN_SUSPICIOUS_MOVE = YES;
				CLANG_WARN_UNGUARDED_AVAILABILITY = YES_AGGRESSIVE;
				CLANG_WARN_UNREACHABLE_CODE = YES;
				CLANG_WARN__DUPLICATE_METHOD_MATCH = YES;
				COPY_PHASE_STRIP = NO;
				DEBUG_INFORMATION_FORMAT = "dwarf-with-dsym";
				ENABLE_NS_ASSERTIONS = NO;
				ENABLE_STRICT_OBJC_MSGSEND = YES;
				GCC_C_LANGUAGE_STANDARD = gnu11;
				GCC_NO_COMMON_BLOCKS = YES;
				GCC_WARN_64_TO_32_BIT_CONVERSION = YES;
				GCC_WARN_ABOUT_RETURN_TYPE = YES_ERROR;
				GCC_WARN_UNDECLARED_SELECTOR = YES;
				GCC_WARN_UNINITIALIZED_AUTOS = YES_AGGRESSIVE;
				GCC_WARN_UNUSED_FUNCTION = YES;
				GCC_WARN_UNUSED_VARIABLE = YES;
				IPHONEOS_DEPLOYMENT_TARGET = 16.2;
				MTL_ENABLE_DEBUG_INFO = NO;
				MTL_FAST_MATH = YES;
				SDKROOT = iphoneos;
				SWIFT_COMPILATION_MODE = wholemodule;
				SWIFT_OPTIMIZATION_LEVEL = "-O";
				VALIDATE_PRODUCT = YES;
			};
			name = Release;
		};
		3A8A7FB329A07F89001D0564 /* Debug */ = {
			isa = XCBuildConfiguration;
			buildSettings = {
				ASSETCATALOG_COMPILER_APPICON_NAME = AppIcon;
				ASSETCATALOG_COMPILER_GLOBAL_ACCENT_COLOR_NAME = AccentColor;
				CODE_SIGN_STYLE = Automatic;
				CURRENT_PROJECT_VERSION = 1;
				DEVELOPMENT_TEAM = 668Y52FT74;
				GENERATE_INFOPLIST_FILE = YES;
				INFOPLIST_FILE = "PapePlane-War/Info.plist";
				INFOPLIST_KEY_UIApplicationSupportsIndirectInputEvents = YES;
				INFOPLIST_KEY_UILaunchStoryboardName = LaunchScreen;
				INFOPLIST_KEY_UIMainStoryboardFile = Main;
				INFOPLIST_KEY_UISupportedInterfaceOrientations_iPad = "UIInterfaceOrientationPortrait UIInterfaceOrientationPortraitUpsideDown UIInterfaceOrientationLandscapeLeft UIInterfaceOrientationLandscapeRight";
				INFOPLIST_KEY_UISupportedInterfaceOrientations_iPhone = "UIInterfaceOrientationPortrait UIInterfaceOrientationLandscapeLeft UIInterfaceOrientationLandscapeRight";
				LD_RUNPATH_SEARCH_PATHS = (
					"$(inherited)",
					"@executable_path/Frameworks",
				);
				MARKETING_VERSION = 1.0;
				PRODUCT_BUNDLE_IDENTIFIER = "HonFans.PapePlane-War";
				PRODUCT_NAME = "$(TARGET_NAME)";
				SWIFT_EMIT_LOC_STRINGS = YES;
				SWIFT_VERSION = 5.0;
				TARGETED_DEVICE_FAMILY = "1,2";
			};
			name = Debug;
		};
		3A8A7FB429A07F89001D0564 /* Release */ = {
			isa = XCBuildConfiguration;
			buildSettings = {
				ASSETCATALOG_COMPILER_APPICON_NAME = AppIcon;
				ASSETCATALOG_COMPILER_GLOBAL_ACCENT_COLOR_NAME = AccentColor;
				CODE_SIGN_STYLE = Automatic;
				CURRENT_PROJECT_VERSION = 1;
				DEVELOPMENT_TEAM = 668Y52FT74;
				GENERATE_INFOPLIST_FILE = YES;
				INFOPLIST_FILE = "PapePlane-War/Info.plist";
				INFOPLIST_KEY_UIApplicationSupportsIndirectInputEvents = YES;
				INFOPLIST_KEY_UILaunchStoryboardName = LaunchScreen;
				INFOPLIST_KEY_UIMainStoryboardFile = Main;
				INFOPLIST_KEY_UISupportedInterfaceOrientations_iPad = "UIInterfaceOrientationPortrait UIInterfaceOrientationPortraitUpsideDown UIInterfaceOrientationLandscapeLeft UIInterfaceOrientationLandscapeRight";
				INFOPLIST_KEY_UISupportedInterfaceOrientations_iPhone = "UIInterfaceOrientationPortrait UIInterfaceOrientationLandscapeLeft UIInterfaceOrientationLandscapeRight";
				LD_RUNPATH_SEARCH_PATHS = (
					"$(inherited)",
					"@executable_path/Frameworks",
				);
				MARKETING_VERSION = 1.0;
				PRODUCT_BUNDLE_IDENTIFIER = "HonFans.PapePlane-War";
				PRODUCT_NAME = "$(TARGET_NAME)";
				SWIFT_EMIT_LOC_STRINGS = YES;
				SWIFT_VERSION = 5.0;
				TARGETED_DEVICE_FAMILY = "1,2";
			};
			name = Release;
		};
		3A8A7FB629A07F89001D0564 /* Debug */ = {
			isa = XCBuildConfiguration;
			buildSettings = {
				ALWAYS_EMBED_SWIFT_STANDARD_LIBRARIES = YES;
				BUNDLE_LOADER = "$(TEST_HOST)";
				CODE_SIGN_STYLE = Automatic;
				CURRENT_PROJECT_VERSION = 1;
				DEVELOPMENT_TEAM = 668Y52FT74;
				GENERATE_INFOPLIST_FILE = YES;
				IPHONEOS_DEPLOYMENT_TARGET = 16.2;
				MARKETING_VERSION = 1.0;
				PRODUCT_BUNDLE_IDENTIFIER = "HonFans.PapePlane-WarTests";
				PRODUCT_NAME = "$(TARGET_NAME)";
				SWIFT_EMIT_LOC_STRINGS = NO;
				SWIFT_VERSION = 5.0;
				TARGETED_DEVICE_FAMILY = "1,2";
				TEST_HOST = "$(BUILT_PRODUCTS_DIR)/PapePlane-War.app/$(BUNDLE_EXECUTABLE_FOLDER_PATH)/PapePlane-War";
			};
			name = Debug;
		};
		3A8A7FB729A07F89001D0564 /* Release */ = {
			isa = XCBuildConfiguration;
			buildSettings = {
				ALWAYS_EMBED_SWIFT_STANDARD_LIBRARIES = YES;
				BUNDLE_LOADER = "$(TEST_HOST)";
				CODE_SIGN_STYLE = Automatic;
				CURRENT_PROJECT_VERSION = 1;
				DEVELOPMENT_TEAM = 668Y52FT74;
				GENERATE_INFOPLIST_FILE = YES;
				IPHONEOS_DEPLOYMENT_TARGET = 16.2;
				MARKETING_VERSION = 1.0;
				PRODUCT_BUNDLE_IDENTIFIER = "HonFans.PapePlane-WarTests";
				PRODUCT_NAME = "$(TARGET_NAME)";
				SWIFT_EMIT_LOC_STRINGS = NO;
				SWIFT_VERSION = 5.0;
				TARGETED_DEVICE_FAMILY = "1,2";
				TEST_HOST = "$(BUILT_PRODUCTS_DIR)/PapePlane-War.app/$(BUNDLE_EXECUTABLE_FOLDER_PATH)/PapePlane-War";
			};
			name = Release;
		};
		3A8A7FB929A07F89001D0564 /* Debug */ = {
			isa = XCBuildConfiguration;
			buildSettings = {
				ALWAYS_EMBED_SWIFT_STANDARD_LIBRARIES = YES;
				CODE_SIGN_STYLE = Automatic;
				CURRENT_PROJECT_VERSION = 1;
				DEVELOPMENT_TEAM = 668Y52FT74;
				GENERATE_INFOPLIST_FILE = YES;
				MARKETING_VERSION = 1.0;
				PRODUCT_BUNDLE_IDENTIFIER = "HonFans.PapePlane-WarUITests";
				PRODUCT_NAME = "$(TARGET_NAME)";
				SWIFT_EMIT_LOC_STRINGS = NO;
				SWIFT_VERSION = 5.0;
				TARGETED_DEVICE_FAMILY = "1,2";
				TEST_TARGET_NAME = "PapePlane-War";
			};
			name = Debug;
		};
		3A8A7FBA29A07F89001D0564 /* Release */ = {
			isa = XCBuildConfiguration;
			buildSettings = {
				ALWAYS_EMBED_SWIFT_STANDARD_LIBRARIES = YES;
				CODE_SIGN_STYLE = Automatic;
				CURRENT_PROJECT_VERSION = 1;
				DEVELOPMENT_TEAM = 668Y52FT74;
				GENERATE_INFOPLIST_FILE = YES;
				MARKETING_VERSION = 1.0;
				PRODUCT_BUNDLE_IDENTIFIER = "HonFans.PapePlane-WarUITests";
				PRODUCT_NAME = "$(TARGET_NAME)";
				SWIFT_EMIT_LOC_STRINGS = NO;
				SWIFT_VERSION = 5.0;
				TARGETED_DEVICE_FAMILY = "1,2";
				TEST_TARGET_NAME = "PapePlane-War";
			};
			name = Release;
		};
/* End XCBuildConfiguration section */

/* Begin XCConfigurationList section */
		3A8A7F8029A07F87001D0564 /* Build configuration list for PBXProject "PapePlane-War" */ = {
			isa = XCConfigurationList;
			buildConfigurations = (
				3A8A7FB029A07F89001D0564 /* Debug */,
				3A8A7FB129A07F89001D0564 /* Release */,
			);
			defaultConfigurationIsVisible = 0;
			defaultConfigurationName = Release;
		};
		3A8A7FB229A07F89001D0564 /* Build configuration list for PBXNativeTarget "PapePlane-War" */ = {
			isa = XCConfigurationList;
			buildConfigurations = (
				3A8A7FB329A07F89001D0564 /* Debug */,
				3A8A7FB429A07F89001D0564 /* Release */,
			);
			defaultConfigurationIsVisible = 0;
			defaultConfigurationName = Release;
		};
		3A8A7FB529A07F89001D0564 /* Build configuration list for PBXNativeTarget "PapePlane-WarTests" */ = {
			isa = XCConfigurationList;
			buildConfigurations = (
				3A8A7FB629A07F89001D0564 /* Debug */,
				3A8A7FB729A07F89001D0564 /* Release */,
			);
			defaultConfigurationIsVisible = 0;
			defaultConfigurationName = Release;
		};
		3A8A7FB829A07F89001D0564 /* Build configuration list for PBXNativeTarget "PapePlane-WarUITests" */ = {
			isa = XCConfigurationList;
			buildConfigurations = (
				3A8A7FB929A07F89001D0564 /* Debug */,
				3A8A7FBA29A07F89001D0564 /* Release */,
			);
			defaultConfigurationIsVisible = 0;
			defaultConfigurationName = Release;
		};
/* End XCConfigurationList section */

/* Begin XCVersionGroup section */
		3A8A7F9129A07F87001D0564 /* PapePlane_War.xcdatamodeld */ = {
			isa = XCVersionGroup;
			children = (
				3A8A7F9229A07F87001D0564 /* PapePlane_War.xcdatamodel */,
			);
			currentVersion = 3A8A7F9229A07F87001D0564 /* PapePlane_War.xcdatamodel */;
			path = PapePlane_War.xcdatamodeld;
			sourceTree = "<group>";
			versionGroupType = wrapper.xcdatamodel;
		};
/* End XCVersionGroup section */
	};
	rootObject = 3A8A7F7D29A07F87001D0564 /* Project object */;
}
